
Microsoft Visual Studio Solution File, Format Version 12.00
# Visual Studio Version 16
VisualStudioVersion = 16.0.32602.291
MinimumVisualStudioVersion = 10.0.40219.1
Project("{FAE04EC0-301F-11D3-BF4B-00C04F79EFBC}") = "GrindTools", "GrindTools\GrindTools.csproj", "{789B4BE8-1798-4884-88F0-6E386995AA2E}"
EndProject
Global
	GlobalSection(SolutionConfigurationPlatforms) = preSolution
		Debug|Any CPU = Debug|Any CPU
		Release|Any CPU = Release|Any CPU
	EndGlobalSection
	GlobalSection(ProjectConfigurationPlatforms) = postSolution
		{789B4BE8-1798-4884-88F0-6E386995AA2E}.Debug|Any CPU.ActiveCfg = Debug|Any CPU
		{789B4BE8-1798-4884-88F0-6E386995AA2E}.Debug|Any CPU.Build.0 = Debug|Any CPU
		{789B4BE8-1798-4884-88F0-6E386995AA2E}.Release|Any CPU.ActiveCfg = Release|Any CPU
		{789B4BE8-1798-4884-88F0-6E386995AA2E}.Release|Any CPU.Build.0 = Release|Any CPU
	EndGlobalSection
	GlobalSection(SolutionProperties) = preSolution
		HideSolutionNode = FALSE
	EndGlobalSection
	GlobalSection(ExtensibilityGlobals) = postSolution
		SolutionGuid = {5BAF674E-E9C6-4B72-B37D-A94E0E01F85C}
	EndGlobalSection
EndGlobal
